dependencies:
- name: postgresql
  repository: https://charts.bitnami.com/bitnami
  version: 10.16.2
- name: redis
  repository: https://charts.bitnami.com/bitnami
  version: 15.7.6
digest: sha256:ce0bca61d15b77a793fabd278d7bf30fff3dab546a95e3bf0d40bb576da22f74
generated: "2022-09-13T20:58:11.77463622+02:00"
