dependencies:
- name: postgresql
  repository: https://charts.bitnami.com/bitnami
  version: 11.1.15
- name: redis
  repository: https://charts.bitnami.com/bitnami
  version: 16.8.2
digest: sha256:5f93eecd02592439fe687ce69eef251f96f93579555bc6ccbac5009600710b4b
generated: "2022-04-04T13:28:20.971948244+02:00"
